<?xml version="1.0" encoding="utf-8"?>
<Project ToolsVersion="4.0" xmlns="http://schemas.microsoft.com/developer/msbuild/2003">
  <ItemGroup>
    <Filter Include="Form Files">
      <UniqueIdentifier>{99349809-55BA-4b9d-BF79-8FDBB0286EB3}</UniqueIdentifier>
      <Extensions>ui</Extensions>
      <ParseFiles>false</ParseFiles>
    </Filter>
    <Filter Include="Form Files">
      <UniqueIdentifier>{99349809-55BA-4b9d-BF79-8FDBB0286EB3}</UniqueIdentifier>
      <Extensions>ui</Extensions>
      <ParseFiles>false</ParseFiles>
    </Filter>
    <Filter Include="Generated Files">
      <UniqueIdentifier>{71ED8ED8-ACB9-4CE9-BBE1-E00B30144E11}</UniqueIdentifier>
      <Extensions>cpp;c;cxx;moc;h;def;odl;idl;res;</Extensions>
    </Filter>
    <Filter Include="Generated Files">
      <UniqueIdentifier>{71ED8ED8-ACB9-4CE9-BBE1-E00B30144E11}</UniqueIdentifier>
      <Extensions>cpp;c;cxx;moc;h;def;odl;idl;res;</Extensions>
    </Filter>
    <Filter Include="Header Files">
      <UniqueIdentifier>{93995380-89BD-4b04-88EB-625FBE52EBFB}</UniqueIdentifier>
      <Extensions>h;hpp;hxx;hm;inl;inc;xsd</Extensions>
    </Filter>
    <Filter Include="Header Files">
      <UniqueIdentifier>{93995380-89BD-4b04-88EB-625FBE52EBFB}</UniqueIdentifier>
      <Extensions>h;hpp;hxx;hm;inl;inc;xsd</Extensions>
    </Filter>
    <Filter Include="Resource Files">
      <UniqueIdentifier>{D9D6E242-F8AF-46E4-B9FD-80ECBC20BA3E}</UniqueIdentifier>
      <Extensions>qrc;*</Extensions>
      <ParseFiles>false</ParseFiles>
    </Filter>
    <Filter Include="Resource Files">
      <UniqueIdentifier>{D9D6E242-F8AF-46E4-B9FD-80ECBC20BA3E}</UniqueIdentifier>
      <Extensions>qrc;*</Extensions>
      <ParseFiles>false</ParseFiles>
    </Filter>
    <Filter Include="Source Files">
      <UniqueIdentifier>{4FC737F1-C7A5-4376-A066-2A32D752A2FF}</UniqueIdentifier>
      <Extensions>cpp;c;cxx;def;odl;idl;hpj;bat;asm;asmx</Extensions>
    </Filter>
    <Filter Include="Source Files">
      <UniqueIdentifier>{4FC737F1-C7A5-4376-A066-2A32D752A2FF}</UniqueIdentifier>
      <Extensions>cpp;c;cxx;def;odl;idl;hpj;bat;asm;asmx</Extensions>
    </Filter>
  </ItemGroup>
  <ItemGroup>
    <ClCompile Include="Geometry\AABB.cpp">
      <Filter>Source Files</Filter>
    </ClCompile>
    <ClCompile Include="Geometry\BestFit.cpp">
      <Filter>Source Files</Filter>
    </ClCompile>
    <ClCompile Include="Geometry\BoundingBox.cpp">
      <Filter>Source Files</Filter>
    </ClCompile>
    <ClCompile Include="Geometry\CModel.cpp">
      <Filter>Source Files</Filter>
    </ClCompile>
    <ClCompile Include="Geometry\OBB.cpp">
      <Filter>Source Files</Filter>
    </ClCompile>
    <ClCompile Include="Geometry\OBBEstimator.cpp">
      <Filter>Source Files</Filter>
    </ClCompile>
    <ClCompile Include="Geometry\OBBOBBIntersect.cpp">
      <Filter>Source Files</Filter>
    </ClCompile>
    <ClCompile Include="Geometry\Scene.cpp">
      <Filter>Source Files</Filter>
    </ClCompile>
    <ClCompile Include="Geometry\SceneRG.cpp">
      <Filter>Source Files</Filter>
    </ClCompile>
    <ClCompile Include="Geometry\SimplePointCloud.cpp">
      <Filter>Source Files</Filter>
    </ClCompile>
    <ClCompile Include="Geometry\SuppPlane.cpp">
      <Filter>Source Files</Filter>
    </ClCompile>
    <ClCompile Include="Geometry\SuppPlaneBuilder.cpp">
      <Filter>Source Files</Filter>
    </ClCompile>
    <ClCompile Include="Geometry\TriTriIntersect.cpp">
      <Filter>Source Files</Filter>
    </ClCompile>
    <ClCompile Include="Geometry\UDGraph.cpp">
      <Filter>Source Files</Filter>
    </ClCompile>
    <ClCompile Include="Math\mathlib.cpp">
      <Filter>Source Files</Filter>
    </ClCompile>
    <ClCompile Include="mess_mode.cpp">
      <Filter>Source Files</Filter>
    </ClCompile>
    <ClCompile Include="mess_widget.cpp">
      <Filter>Source Files</Filter>
    </ClCompile>
    <ClCompile Include="GeneratedFiles\qrc_scene_mess.cpp">
      <Filter>Generated Files</Filter>
    </ClCompile>
    <ClCompile Include="Geometry\SceneList.cpp">
      <Filter>Source Files</Filter>
    </ClCompile>
    <ClCompile Include="Synthesis\Layouter.cpp">
      <Filter>Source Files</Filter>
    </ClCompile>
  </ItemGroup>
  <ItemGroup>
    <ClInclude Include="Geometry\AABB.h">
      <Filter>Header Files</Filter>
    </ClInclude>
    <ClInclude Include="Geometry\BestFit.h">
      <Filter>Header Files</Filter>
    </ClInclude>
    <ClInclude Include="Geometry\BoundingBox.h">
      <Filter>Header Files</Filter>
    </ClInclude>
    <ClInclude Include="Geometry\CModel.h">
      <Filter>Header Files</Filter>
    </ClInclude>
    <ClInclude Include="Utilities\CustomDrawObjects.h">
      <Filter>Header Files</Filter>
    </ClInclude>
    <ClInclude Include="Math\Eigen3x3.h">
      <Filter>Header Files</Filter>
    </ClInclude>
    <ClInclude Include="Math\MatrixType.h">
      <Filter>Header Files</Filter>
    </ClInclude>
    <ClInclude Include="Geometry\OBB.h">
      <Filter>Header Files</Filter>
    </ClInclude>
    <ClInclude Include="Geometry\OBBEstimator.h">
      <Filter>Header Files</Filter>
    </ClInclude>
    <ClInclude Include="Geometry\OBBOBBIntersect.h">
      <Filter>Header Files</Filter>
    </ClInclude>
    <ClInclude Include="Geometry\QuickMeshDraw.h">
      <Filter>Header Files</Filter>
    </ClInclude>
    <ClInclude Include="Geometry\Scene.h">
      <Filter>Header Files</Filter>
    </ClInclude>
    <ClInclude Include="Geometry\SceneRG.h">
      <Filter>Header Files</Filter>
    </ClInclude>
    <ClInclude Include="Geometry\ShapeLib.h">
      <Filter>Header Files</Filter>
    </ClInclude>
    <ClInclude Include="Geometry\SimplePointCloud.h">
      <Filter>Header Files</Filter>
    </ClInclude>
    <ClInclude Include="Geometry\SuppPlane.h">
      <Filter>Header Files</Filter>
    </ClInclude>
    <ClInclude Include="Geometry\SuppPlaneBuilder.h">
      <Filter>Header Files</Filter>
    </ClInclude>
    <ClInclude Include="Geometry\TriTriIntersect.h">
      <Filter>Header Files</Filter>
    </ClInclude>
    <ClInclude Include="Geometry\UDGraph.h">
      <Filter>Header Files</Filter>
    </ClInclude>
    <ClInclude Include="Geometry\font.inl">
      <Filter>Header Files</Filter>
    </ClInclude>
    <ClInclude Include="Math\mathlib.h">
      <Filter>Header Files</Filter>
    </ClInclude>
    <CustomBuild Include="mess_mode.h">
      <Filter>Header Files</Filter>
    </CustomBuild>
    <CustomBuild Include="mess_widget.h">
      <Filter>Header Files</Filter>
    </CustomBuild>
    <ClInclude Include="Utilities\utility.h">
      <Filter>Header Files</Filter>
    </ClInclude>
    <ClInclude Include="GeneratedFiles\ui_mess_widget.h">
      <Filter>Generated Files</Filter>
    </ClInclude>
    <ClInclude Include="Header.h">
      <Filter>Generated Files</Filter>
    </ClInclude>
    <ClInclude Include="Geometry\SceneList.h">
      <Filter>Header Files</Filter>
    </ClInclude>
    <ClInclude Include="Math\random.h">
      <Filter>Header Files</Filter>
    </ClInclude>
    <ClInclude Include="Synthesis\Layouter.h">
      <Filter>Header Files</Filter>
    </ClInclude>
  </ItemGroup>
  <ItemGroup>
    <ClCompile Include="debug\moc_mess_mode.cpp">
      <Filter>Generated Files</Filter>
    </ClCompile>
    <ClCompile Include="release\moc_mess_mode.cpp">
      <Filter>Generated Files</Filter>
    </ClCompile>
    <ClCompile Include="debug\moc_mess_widget.cpp">
      <Filter>Generated Files</Filter>
    </ClCompile>
    <ClCompile Include="release\moc_mess_widget.cpp">
      <Filter>Generated Files</Filter>
    </ClCompile>
  </ItemGroup>
  <ItemGroup>
    <CustomBuild Include="mess_widget.ui">
      <Filter>Form Files</Filter>
    </CustomBuild>
  </ItemGroup>
  <ItemGroup>
    <None Include="icon\font.png">
      <Filter>Resource Files</Filter>
    </None>
    <None Include="icon\mess_mode.png">
      <Filter>Resource Files</Filter>
    </None>
    <CustomBuild Include="scene_mess.qrc">
      <Filter>Resource Files</Filter>
    </CustomBuild>
    <None Include="Math\random.inl">
      <Filter>Header Files</Filter>
    </None>
  </ItemGroup>
</Project>